
Microsoft Visual Studio Solution File, Format Version 12.00
# Visual Studio Version 17
VisualStudioVersion = 17.10.35004.147
MinimumVisualStudioVersion = 10.0.40219.1
Project("{FAE04EC0-301F-11D3-BF4B-00C04F79EFBC}") = "CS_HW_5", "CS_HW_5\CS_HW_5.csproj", "{925035A5-9EC8-47B7-96C3-EE704483BC49}"
EndProject
Global
	GlobalSection(SolutionConfigurationPlatforms) = preSolution
		Debug|Any CPU = Debug|Any CPU
		Release|Any CPU = Release|Any CPU
	EndGlobalSection
	GlobalSection(ProjectConfigurationPlatforms) = postSolution
		{925035A5-9EC8-47B7-96C3-EE704483BC49}.Debug|Any CPU.ActiveCfg = Debug|Any CPU
		{925035A5-9EC8-47B7-96C3-EE704483BC49}.Debug|Any CPU.Build.0 = Debug|Any CPU
		{925035A5-9EC8-47B7-96C3-EE704483BC49}.Release|Any CPU.ActiveCfg = Release|Any CPU
		{925035A5-9EC8-47B7-96C3-EE704483BC49}.Release|Any CPU.Build.0 = Release|Any CPU
	EndGlobalSection
	GlobalSection(SolutionProperties) = preSolution
		HideSolutionNode = FALSE
	EndGlobalSection
	GlobalSection(ExtensibilityGlobals) = postSolution
		SolutionGuid = {76B694FF-CA6C-4DD4-AF8D-A828D3AAB98E}
	EndGlobalSection
EndGlobal
